
Microsoft Visual Studio Solution File, Format Version 10.00
# Visual Studio 2008
Project("{FAE04EC0-301F-11D3-BF4B-00C04F79EFBC}") = "FTP_Linux", "FTP_Linux\FTP_Linux.csproj", "{CDEFED0A-7A4B-4BD9-8279-2ECF36881FF6}"
EndProject
Global
	GlobalSection(SolutionConfigurationPlatforms) = preSolution
		Debug|Any CPU = Debug|Any CPU
		Release|Any CPU = Release|Any CPU
	EndGlobalSection
	GlobalSection(ProjectConfigurationPlatforms) = postSolution
		{CDEFED0A-7A4B-4BD9-8279-2ECF36881FF6}.Debug|Any CPU.ActiveCfg = Debug|Any CPU
		{CDEFED0A-7A4B-4BD9-8279-2ECF36881FF6}.Debug|Any CPU.Build.0 = Debug|Any CPU
		{CDEFED0A-7A4B-4BD9-8279-2ECF36881FF6}.Release|Any CPU.ActiveCfg = Release|Any CPU
		{CDEFED0A-7A4B-4BD9-8279-2ECF36881FF6}.Release|Any CPU.Build.0 = Release|Any CPU
	EndGlobalSection
	GlobalSection(SolutionProperties) = preSolution
		HideSolutionNode = FALSE
	EndGlobalSection
EndGlobal
